// !$*UTF8*$!
{
	archiveVersion = 1;
	classes = {
	};
	objectVersion = 56;
	objects = {

/* Begin PBXBuildFile section */
		0409B3862A7C068500FCBDE4 /* ProfileVC.swift in Sources */ = {isa = PBXBuildFile; fileRef = 0409B3852A7C068500FCBDE4 /* ProfileVC.swift */; };
		0409B3882A7C078A00FCBDE4 /* BasketViewController.swift in Sources */ = {isa = PBXBuildFile; fileRef = 0409B3872A7C078A00FCBDE4 /* BasketViewController.swift */; };
		0409B38B2A7C07E100FCBDE4 /* ContactsViewController.swift in Sources */ = {isa = PBXBuildFile; fileRef = 0409B38A2A7C07E100FCBDE4 /* ContactsViewController.swift */; };
		043BD40F2A7A5DE700651079 /* OrderButtonView.swift in Sources */ = {isa = PBXBuildFile; fileRef = 043BD40E2A7A5DE700651079 /* OrderButtonView.swift */; };
		04714D792A54A26500B14B9C /* SnapKit in Frameworks */ = {isa = PBXBuildFile; productRef = 04714D782A54A26500B14B9C /* SnapKit */; };
		04714D802A54B82900B14B9C /* ProductCell.swift in Sources */ = {isa = PBXBuildFile; fileRef = 04714D7F2A54B82900B14B9C /* ProductCell.swift */; };
		04714D842A58368000B14B9C /* Product.swift in Sources */ = {isa = PBXBuildFile; fileRef = 04714D832A58368000B14B9C /* Product.swift */; };
		04714D862A5861FC00B14B9C /* ProductService.swift in Sources */ = {isa = PBXBuildFile; fileRef = 04714D852A5861FC00B14B9C /* ProductService.swift */; };
		04B317C62A88C84100D05873 /* BannerCollectionViewCell.swift in Sources */ = {isa = PBXBuildFile; fileRef = 04B317C52A88C84100D05873 /* BannerCollectionViewCell.swift */; };
		04D193C52A826429008732FE /* LaunchScreenViewController.swift in Sources */ = {isa = PBXBuildFile; fileRef = 04D193C42A826429008732FE /* LaunchScreenViewController.swift */; };
		04D193C82A826516008732FE /* MainTabBarController.swift in Sources */ = {isa = PBXBuildFile; fileRef = 04D193C72A826516008732FE /* MainTabBarController.swift */; };
		04D193CB2A839B59008732FE /* BannerCell.swift in Sources */ = {isa = PBXBuildFile; fileRef = 04D193CA2A839B59008732FE /* BannerCell.swift */; };
		04D193CE2A851733008732FE /* SearchVC.swift in Sources */ = {isa = PBXBuildFile; fileRef = 04D193CD2A851733008732FE /* SearchVC.swift */; };
		04D193D22A853A56008732FE /* Banner.swift in Sources */ = {isa = PBXBuildFile; fileRef = 04D193D12A853A56008732FE /* Banner.swift */; };
		04D193D42A853ACF008732FE /* BannerService.swift in Sources */ = {isa = PBXBuildFile; fileRef = 04D193D32A853ACF008732FE /* BannerService.swift */; };
		04D55E752A549C2400159886 /* AppDelegate.swift in Sources */ = {isa = PBXBuildFile; fileRef = 04D55E742A549C2400159886 /* AppDelegate.swift */; };
		04D55E772A549C2400159886 /* SceneDelegate.swift in Sources */ = {isa = PBXBuildFile; fileRef = 04D55E762A549C2400159886 /* SceneDelegate.swift */; };
		04D55E792A549C2400159886 /* MenuScreenVC.swift in Sources */ = {isa = PBXBuildFile; fileRef = 04D55E782A549C2400159886 /* MenuScreenVC.swift */; };
		04D55E7F2A549C2400159886 /* Dodo_pizza.xcdatamodeld in Sources */ = {isa = PBXBuildFile; fileRef = 04D55E7D2A549C2400159886 /* Dodo_pizza.xcdatamodeld */; };
		04D55E812A549C2700159886 /* Assets.xcassets in Resources */ = {isa = PBXBuildFile; fileRef = 04D55E802A549C2700159886 /* Assets.xcassets */; };
		04FB509B2A7126960075133D /* NameLabel.swift in Sources */ = {isa = PBXBuildFile; fileRef = 04FB509A2A7126960075133D /* NameLabel.swift */; };
		04FBA1652A780039002C9B52 /* PriceButton.swift in Sources */ = {isa = PBXBuildFile; fileRef = 04FBA1642A780039002C9B52 /* PriceButton.swift */; };
		04FBA1672A780087002C9B52 /* DetailLabel.swift in Sources */ = {isa = PBXBuildFile; fileRef = 04FBA1662A780087002C9B52 /* DetailLabel.swift */; };
		04FBA1692A7804AB002C9B52 /* ProductImage.swift in Sources */ = {isa = PBXBuildFile; fileRef = 04FBA1682A7804AB002C9B52 /* ProductImage.swift */; };
		04FBA16B2A780688002C9B52 /* PizzaDescriptionVC.swift in Sources */ = {isa = PBXBuildFile; fileRef = 04FBA16A2A780688002C9B52 /* PizzaDescriptionVC.swift */; };
		04FD8E632A9CE3960062A8B0 /* CityViewController.swift in Sources */ = {isa = PBXBuildFile; fileRef = 04FD8E622A9CE3960062A8B0 /* CityViewController.swift */; };
		04FD8E662A9CF8A40062A8B0 /* CountryViewController.swift in Sources */ = {isa = PBXBuildFile; fileRef = 04FD8E652A9CF8A40062A8B0 /* CountryViewController.swift */; };
/* End PBXBuildFile section */

/* Begin PBXFileReference section */
		0409B3852A7C068500FCBDE4 /* ProfileVC.swift */ = {isa = PBXFileReference; lastKnownFileType = sourcecode.swift; path = ProfileVC.swift; sourceTree = "<group>"; };
		0409B3872A7C078A00FCBDE4 /* BasketViewController.swift */ = {isa = PBXFileReference; lastKnownFileType = sourcecode.swift; path = BasketViewController.swift; sourceTree = "<group>"; };
		0409B38A2A7C07E100FCBDE4 /* ContactsViewController.swift */ = {isa = PBXFileReference; lastKnownFileType = sourcecode.swift; path = ContactsViewController.swift; sourceTree = "<group>"; };
		043BD40E2A7A5DE700651079 /* OrderButtonView.swift */ = {isa = PBXFileReference; lastKnownFileType = sourcecode.swift; path = OrderButtonView.swift; sourceTree = "<group>"; };
		04714D7F2A54B82900B14B9C /* ProductCell.swift */ = {isa = PBXFileReference; lastKnownFileType = sourcecode.swift; path = ProductCell.swift; sourceTree = "<group>"; };
		04714D832A58368000B14B9C /* Product.swift */ = {isa = PBXFileReference; lastKnownFileType = sourcecode.swift; path = Product.swift; sourceTree = "<group>"; };
		04714D852A5861FC00B14B9C /* ProductService.swift */ = {isa = PBXFileReference; lastKnownFileType = sourcecode.swift; path = ProductService.swift; sourceTree = "<group>"; };
		04B317C52A88C84100D05873 /* BannerCollectionViewCell.swift */ = {isa = PBXFileReference; lastKnownFileType = sourcecode.swift; path = BannerCollectionViewCell.swift; sourceTree = "<group>"; };
		04D193C42A826429008732FE /* LaunchScreenViewController.swift */ = {isa = PBXFileReference; lastKnownFileType = sourcecode.swift; path = LaunchScreenViewController.swift; sourceTree = "<group>"; };
		04D193C72A826516008732FE /* MainTabBarController.swift */ = {isa = PBXFileReference; lastKnownFileType = sourcecode.swift; path = MainTabBarController.swift; sourceTree = "<group>"; };
		04D193CA2A839B59008732FE /* BannerCell.swift */ = {isa = PBXFileReference; lastKnownFileType = sourcecode.swift; path = BannerCell.swift; sourceTree = "<group>"; };
		04D193CD2A851733008732FE /* SearchVC.swift */ = {isa = PBXFileReference; lastKnownFileType = sourcecode.swift; path = SearchVC.swift; sourceTree = "<group>"; };
		04D193D12A853A56008732FE /* Banner.swift */ = {isa = PBXFileReference; lastKnownFileType = sourcecode.swift; path = Banner.swift; sourceTree = "<group>"; };
		04D193D32A853ACF008732FE /* BannerService.swift */ = {isa = PBXFileReference; lastKnownFileType = sourcecode.swift; path = BannerService.swift; sourceTree = "<group>"; };
		04D55E712A549C2400159886 /* Dodo pizza.app */ = {isa = PBXFileReference; explicitFileType = wrapper.application; includeInIndex = 0; path = "Dodo pizza.app"; sourceTree = BUILT_PRODUCTS_DIR; };
		04D55E742A549C2400159886 /* AppDelegate.swift */ = {isa = PBXFileReference; lastKnownFileType = sourcecode.swift; path = AppDelegate.swift; sourceTree = "<group>"; };
		04D55E762A549C2400159886 /* SceneDelegate.swift */ = {isa = PBXFileReference; lastKnownFileType = sourcecode.swift; path = SceneDelegate.swift; sourceTree = "<group>"; };
		04D55E782A549C2400159886 /* MenuScreenVC.swift */ = {isa = PBXFileReference; lastKnownFileType = sourcecode.swift; path = MenuScreenVC.swift; sourceTree = "<group>"; };
		04D55E7E2A549C2400159886 /* Dodo_pizza.xcdatamodel */ = {isa = PBXFileReference; lastKnownFileType = wrapper.xcdatamodel; path = Dodo_pizza.xcdatamodel; sourceTree = "<group>"; };
		04D55E802A549C2700159886 /* Assets.xcassets */ = {isa = PBXFileReference; lastKnownFileType = folder.assetcatalog; path = Assets.xcassets; sourceTree = "<group>"; };
		04D55E852A549C2700159886 /* Info.plist */ = {isa = PBXFileReference; lastKnownFileType = text.plist.xml; path = Info.plist; sourceTree = "<group>"; };
		04FB509A2A7126960075133D /* NameLabel.swift */ = {isa = PBXFileReference; lastKnownFileType = sourcecode.swift; path = NameLabel.swift; sourceTree = "<group>"; };
		04FBA1642A780039002C9B52 /* PriceButton.swift */ = {isa = PBXFileReference; lastKnownFileType = sourcecode.swift; path = PriceButton.swift; sourceTree = "<group>"; };
		04FBA1662A780087002C9B52 /* DetailLabel.swift */ = {isa = PBXFileReference; lastKnownFileType = sourcecode.swift; path = DetailLabel.swift; sourceTree = "<group>"; };
		04FBA1682A7804AB002C9B52 /* ProductImage.swift */ = {isa = PBXFileReference; lastKnownFileType = sourcecode.swift; path = ProductImage.swift; sourceTree = "<group>"; };
		04FBA16A2A780688002C9B52 /* PizzaDescriptionVC.swift */ = {isa = PBXFileReference; lastKnownFileType = sourcecode.swift; path = PizzaDescriptionVC.swift; sourceTree = "<group>"; };
		04FD8E622A9CE3960062A8B0 /* CityViewController.swift */ = {isa = PBXFileReference; lastKnownFileType = sourcecode.swift; path = CityViewController.swift; sourceTree = "<group>"; };
		04FD8E652A9CF8A40062A8B0 /* CountryViewController.swift */ = {isa = PBXFileReference; lastKnownFileType = sourcecode.swift; path = CountryViewController.swift; sourceTree = "<group>"; };
/* End PBXFileReference section */

/* Begin PBXFrameworksBuildPhase section */
		04D55E6E2A549C2400159886 /* Frameworks */ = {
			isa = PBXFrameworksBuildPhase;
			buildActionMask = 2147483647;
			files = (
				04714D792A54A26500B14B9C /* SnapKit in Frameworks */,
			);
			runOnlyForDeploymentPostprocessing = 0;
		};
/* End PBXFrameworksBuildPhase section */

/* Begin PBXGroup section */
		0409B3822A7C064C00FCBDE4 /* Profile */ = {
			isa = PBXGroup;
			children = (
				0409B3852A7C068500FCBDE4 /* ProfileVC.swift */,
			);
			path = Profile;
			sourceTree = "<group>";
		};
		0409B3832A7C065700FCBDE4 /* Basket */ = {
			isa = PBXGroup;
			children = (
				0409B3872A7C078A00FCBDE4 /* BasketViewController.swift */,
			);
			path = Basket;
			sourceTree = "<group>";
		};
		0409B3842A7C066900FCBDE4 /* Contacts */ = {
			isa = PBXGroup;
			children = (
				0409B38A2A7C07E100FCBDE4 /* ContactsViewController.swift */,
			);
			path = Contacts;
			sourceTree = "<group>";
		};
		043BD4102A7A632B00651079 /* Views */ = {
			isa = PBXGroup;
			children = (
				043BD40E2A7A5DE700651079 /* OrderButtonView.swift */,
			);
			path = Views;
			sourceTree = "<group>";
		};
		043BD4112A7A635100651079 /* Detail */ = {
			isa = PBXGroup;
			children = (
				04FBA16A2A780688002C9B52 /* PizzaDescriptionVC.swift */,
				043BD4102A7A632B00651079 /* Views */,
			);
			path = Detail;
			sourceTree = "<group>";
		};
		04714D7A2A54B67400B14B9C /* Screens */ = {
			isa = PBXGroup;
			children = (
				04D193C62A8264EB008732FE /* TabbarController */,
				04D193C32A826408008732FE /* LaunchScreen */,
				04714D7B2A54B68300B14B9C /* Menu */,
				0409B3842A7C066900FCBDE4 /* Contacts */,
				0409B3832A7C065700FCBDE4 /* Basket */,
				0409B3822A7C064C00FCBDE4 /* Profile */,
			);
			path = Screens;
			sourceTree = "<group>";
		};
		04714D7B2A54B68300B14B9C /* Menu */ = {
			isa = PBXGroup;
			children = (
				04D55E782A549C2400159886 /* MenuScreenVC.swift */,
				04FD8E612A9CE3690062A8B0 /* City */,
				04FD8E642A9CF8860062A8B0 /* Country */,
				04D193CC2A851706008732FE /* SearchVC */,
				04714D7E2A54B7E700B14B9C /* Cells */,
				043BD4112A7A635100651079 /* Detail */,
			);
			path = Menu;
			sourceTree = "<group>";
		};
		04714D7C2A54B6B300B14B9C /* Resources */ = {
			isa = PBXGroup;
			children = (
				04D55E802A549C2700159886 /* Assets.xcassets */,
				04D55E852A549C2700159886 /* Info.plist */,
			);
			path = Resources;
			sourceTree = "<group>";
		};
		04714D7D2A54B70900B14B9C /* App */ = {
			isa = PBXGroup;
			children = (
				04D55E742A549C2400159886 /* AppDelegate.swift */,
				04D55E762A549C2400159886 /* SceneDelegate.swift */,
			);
			path = App;
			sourceTree = "<group>";
		};
		04714D7E2A54B7E700B14B9C /* Cells */ = {
			isa = PBXGroup;
			children = (
				04D193CA2A839B59008732FE /* BannerCell.swift */,
				04B317C52A88C84100D05873 /* BannerCollectionViewCell.swift */,
				04714D7F2A54B82900B14B9C /* ProductCell.swift */,
			);
			path = Cells;
			sourceTree = "<group>";
		};
		04714D812A58363F00B14B9C /* Services */ = {
			isa = PBXGroup;
			children = (
				04714D852A5861FC00B14B9C /* ProductService.swift */,
				04D193D32A853ACF008732FE /* BannerService.swift */,
			);
			path = Services;
			sourceTree = "<group>";
		};
		04714D822A58366300B14B9C /* Model */ = {
			isa = PBXGroup;
			children = (
				04714D832A58368000B14B9C /* Product.swift */,
				04D193D12A853A56008732FE /* Banner.swift */,
			);
			path = Model;
			sourceTree = "<group>";
		};
		04D193C32A826408008732FE /* LaunchScreen */ = {
			isa = PBXGroup;
			children = (
				04D193C42A826429008732FE /* LaunchScreenViewController.swift */,
			);
			path = LaunchScreen;
			sourceTree = "<group>";
		};
		04D193C62A8264EB008732FE /* TabbarController */ = {
			isa = PBXGroup;
			children = (
				04D193C72A826516008732FE /* MainTabBarController.swift */,
			);
			path = TabbarController;
			sourceTree = "<group>";
		};
		04D193CC2A851706008732FE /* SearchVC */ = {
			isa = PBXGroup;
			children = (
				04D193CD2A851733008732FE /* SearchVC.swift */,
			);
			path = SearchVC;
			sourceTree = "<group>";
		};
		04D55E682A549C2400159886 = {
			isa = PBXGroup;
			children = (
				04D55E732A549C2400159886 /* Dodo pizza */,
				04D55E722A549C2400159886 /* Products */,
			);
			sourceTree = "<group>";
		};
		04D55E722A549C2400159886 /* Products */ = {
			isa = PBXGroup;
			children = (
				04D55E712A549C2400159886 /* Dodo pizza.app */,
			);
			name = Products;
			sourceTree = "<group>";
		};
		04D55E732A549C2400159886 /* Dodo pizza */ = {
			isa = PBXGroup;
			children = (
				04714D7D2A54B70900B14B9C /* App */,
				04714D7A2A54B67400B14B9C /* Screens */,
				04714D812A58363F00B14B9C /* Services */,
				04714D822A58366300B14B9C /* Model */,
				04FB50992A71267B0075133D /* Components */,
				04714D7C2A54B6B300B14B9C /* Resources */,
				04D55E7D2A549C2400159886 /* Dodo_pizza.xcdatamodeld */,
			);
			path = "Dodo pizza";
			sourceTree = "<group>";
		};
		04FB50992A71267B0075133D /* Components */ = {
			isa = PBXGroup;
			children = (
				04FB509A2A7126960075133D /* NameLabel.swift */,
				04FBA1662A780087002C9B52 /* DetailLabel.swift */,
				04FBA1642A780039002C9B52 /* PriceButton.swift */,
				04FBA1682A7804AB002C9B52 /* ProductImage.swift */,
			);
			path = Components;
			sourceTree = "<group>";
		};
		04FD8E612A9CE3690062A8B0 /* City */ = {
			isa = PBXGroup;
			children = (
				04FD8E622A9CE3960062A8B0 /* CityViewController.swift */,
			);
			path = City;
			sourceTree = "<group>";
		};
		04FD8E642A9CF8860062A8B0 /* Country */ = {
			isa = PBXGroup;
			children = (
				04FD8E652A9CF8A40062A8B0 /* CountryViewController.swift */,
			);
			path = Country;
			sourceTree = "<group>";
		};
/* End PBXGroup section */

/* Begin PBXNativeTarget section */
		04D55E702A549C2400159886 /* Dodo pizza */ = {
			isa = PBXNativeTarget;
			buildConfigurationList = 04D55E882A549C2700159886 /* Build configuration list for PBXNativeTarget "Dodo pizza" */;
			buildPhases = (
				04D55E6D2A549C2400159886 /* Sources */,
				04D55E6E2A549C2400159886 /* Frameworks */,
				04D55E6F2A549C2400159886 /* Resources */,
			);
			buildRules = (
			);
			dependencies = (
			);
			name = "Dodo pizza";
			packageProductDependencies = (
				04714D782A54A26500B14B9C /* SnapKit */,
			);
			productName = "Dodo pizza";
			productReference = 04D55E712A549C2400159886 /* Dodo pizza.app */;
			productType = "com.apple.product-type.application";
		};
/* End PBXNativeTarget section */

/* Begin PBXProject section */
		04D55E692A549C2400159886 /* Project object */ = {
			isa = PBXProject;
			attributes = {
				BuildIndependentTargetsInParallel = 1;
				LastSwiftUpdateCheck = 1430;
				LastUpgradeCheck = 1430;
				TargetAttributes = {
					04D55E702A549C2400159886 = {
						CreatedOnToolsVersion = 14.3.1;
					};
				};
			};
			buildConfigurationList = 04D55E6C2A549C2400159886 /* Build configuration list for PBXProject "Dodo pizza" */;
			compatibilityVersion = "Xcode 14.0";
			developmentRegion = en;
			hasScannedForEncodings = 0;
			knownRegions = (
				en,
				Base,
			);
			mainGroup = 04D55E682A549C2400159886;
			packageReferences = (
				04714D772A54A26500B14B9C /* XCRemoteSwiftPackageReference "SnapKit" */,
			);
			productRefGroup = 04D55E722A549C2400159886 /* Products */;
			projectDirPath = "";
			projectRoot = "";
			targets = (
				04D55E702A549C2400159886 /* Dodo pizza */,
			);
		};
/* End PBXProject section */

/* Begin PBXResourcesBuildPhase section */
		04D55E6F2A549C2400159886 /* Resources */ = {
			isa = PBXResourcesBuildPhase;
			buildActionMask = 2147483647;
			files = (
				04D55E812A549C2700159886 /* Assets.xcassets in Resources */,
			);
			runOnlyForDeploymentPostprocessing = 0;
		};
/* End PBXResourcesBuildPhase section */

/* Begin PBXSourcesBuildPhase section */
		04D55E6D2A549C2400159886 /* Sources */ = {
			isa = PBXSourcesBuildPhase;
			buildActionMask = 2147483647;
			files = (
				0409B3882A7C078A00FCBDE4 /* BasketViewController.swift in Sources */,
				043BD40F2A7A5DE700651079 /* OrderButtonView.swift in Sources */,
				04B317C62A88C84100D05873 /* BannerCollectionViewCell.swift in Sources */,
				04FD8E662A9CF8A40062A8B0 /* CountryViewController.swift in Sources */,
				04D193C82A826516008732FE /* MainTabBarController.swift in Sources */,
				04D55E792A549C2400159886 /* MenuScreenVC.swift in Sources */,
				04D193CB2A839B59008732FE /* BannerCell.swift in Sources */,
				0409B3862A7C068500FCBDE4 /* ProfileVC.swift in Sources */,
				04D193C52A826429008732FE /* LaunchScreenViewController.swift in Sources */,
				04D193D42A853ACF008732FE /* BannerService.swift in Sources */,
				04FBA1692A7804AB002C9B52 /* ProductImage.swift in Sources */,
				0409B38B2A7C07E100FCBDE4 /* ContactsViewController.swift in Sources */,
				04FD8E632A9CE3960062A8B0 /* CityViewController.swift in Sources */,
				04D55E752A549C2400159886 /* AppDelegate.swift in Sources */,
				04714D802A54B82900B14B9C /* ProductCell.swift in Sources */,
				04D193D22A853A56008732FE /* Banner.swift in Sources */,
				04FBA1652A780039002C9B52 /* PriceButton.swift in Sources */,
				04FB509B2A7126960075133D /* NameLabel.swift in Sources */,
				04FBA1672A780087002C9B52 /* DetailLabel.swift in Sources */,
				04D55E7F2A549C2400159886 /* Dodo_pizza.xcdatamodeld in Sources */,
				04D55E772A549C2400159886 /* SceneDelegate.swift in Sources */,
				04D193CE2A851733008732FE /* SearchVC.swift in Sources */,
				04714D862A5861FC00B14B9C /* ProductService.swift in Sources */,
				04FBA16B2A780688002C9B52 /* PizzaDescriptionVC.swift in Sources */,
				04714D842A58368000B14B9C /* Product.swift in Sources */,
			);
			runOnlyForDeploymentPostprocessing = 0;
		};
/* End PBXSourcesBuildPhase section */

/* Begin XCBuildConfiguration section */
		04D55E862A549C2700159886 /* Debug */ = {
			isa = XCBuildConfiguration;
			buildSettings = {
				ALWAYS_SEARCH_USER_PATHS = NO;
				CLANG_ANALYZER_NONNULL = YES;
				CLANG_ANALYZER_NUMBER_OBJECT_CONVERSION = YES_AGGRESSIVE;
				CLANG_CXX_LANGUAGE_STANDARD = "gnu++20";
				CLANG_ENABLE_MODULES = YES;
				CLANG_ENABLE_OBJC_ARC = YES;
				CLANG_ENABLE_OBJC_WEAK = YES;
				CLANG_WARN_BLOCK_CAPTURE_AUTORELEASING = YES;
				CLANG_WARN_BOOL_CONVERSION = YES;
				CLANG_WARN_COMMA = YES;
				CLANG_WARN_CONSTANT_CONVERSION = YES;
				CLANG_WARN_DEPRECATED_OBJC_IMPLEMENTATIONS = YES;
				CLANG_WARN_DIRECT_OBJC_ISA_USAGE = YES_ERROR;
				CLANG_WARN_DOCUMENTATION_COMMENTS = YES;
				CLANG_WARN_EMPTY_BODY = YES;
				CLANG_WARN_ENUM_CONVERSION = YES;
				CLANG_WARN_INFINITE_RECURSION = YES;
				CLANG_WARN_INT_CONVERSION = YES;
				CLANG_WARN_NON_LITERAL_NULL_CONVERSION = YES;
				CLANG_WARN_OBJC_IMPLICIT_RETAIN_SELF = YES;
				CLANG_WARN_OBJC_LITERAL_CONVERSION = YES;
				CLANG_WARN_OBJC_ROOT_CLASS = YES_ERROR;
				CLANG_WARN_QUOTED_INCLUDE_IN_FRAMEWORK_HEADER = YES;
				CLANG_WARN_RANGE_LOOP_ANALYSIS = YES;
				CLANG_WARN_STRICT_PROTOTYPES = YES;
				CLANG_WARN_SUSPICIOUS_MOVE = YES;
				CLANG_WARN_UNGUARDED_AVAILABILITY = YES_AGGRESSIVE;
				CLANG_WARN_UNREACHABLE_CODE = YES;
				CLANG_WARN__DUPLICATE_METHOD_MATCH = YES;
				COPY_PHASE_STRIP = NO;
				DEBUG_INFORMATION_FORMAT = dwarf;
				ENABLE_STRICT_OBJC_MSGSEND = YES;
				ENABLE_TESTABILITY = YES;
				GCC_C_LANGUAGE_STANDARD = gnu11;
				GCC_DYNAMIC_NO_PIC = NO;
				GCC_NO_COMMON_BLOCKS = YES;
				GCC_OPTIMIZATION_LEVEL = 0;
				GCC_PREPROCESSOR_DEFINITIONS = (
					"DEBUG=1",
					"$(inherited)",
				);
				GCC_WARN_64_TO_32_BIT_CONVERSION = YES;
				GCC_WARN_ABOUT_RETURN_TYPE = YES_ERROR;
				GCC_WARN_UNDECLARED_SELECTOR = YES;
				GCC_WARN_UNINITIALIZED_AUTOS = YES_AGGRESSIVE;
				GCC_WARN_UNUSED_FUNCTION = YES;
				GCC_WARN_UNUSED_VARIABLE = YES;
				IPHONEOS_DEPLOYMENT_TARGET = 16.4;
				MTL_ENABLE_DEBUG_INFO = INCLUDE_SOURCE;
				MTL_FAST_MATH = YES;
				ONLY_ACTIVE_ARCH = YES;
				SDKROOT = iphoneos;
				SWIFT_ACTIVE_COMPILATION_CONDITIONS = DEBUG;
				SWIFT_OPTIMIZATION_LEVEL = "-Onone";
			};
			name = Debug;
		};
		04D55E872A549C2700159886 /* Release */ = {
			isa = XCBuildConfiguration;
			buildSettings = {
				ALWAYS_SEARCH_USER_PATHS = NO;
				CLANG_ANALYZER_NONNULL = YES;
				CLANG_ANALYZER_NUMBER_OBJECT_CONVERSION = YES_AGGRESSIVE;
				CLANG_CXX_LANGUAGE_STANDARD = "gnu++20";
				CLANG_ENABLE_MODULES = YES;
				CLANG_ENABLE_OBJC_ARC = YES;
				CLANG_ENABLE_OBJC_WEAK = YES;
				CLANG_WARN_BLOCK_CAPTURE_AUTORELEASING = YES;
				CLANG_WARN_BOOL_CONVERSION = YES;
				CLANG_WARN_COMMA = YES;
				CLANG_WARN_CONSTANT_CONVERSION = YES;
				CLANG_WARN_DEPRECATED_OBJC_IMPLEMENTATIONS = YES;
				CLANG_WARN_DIRECT_OBJC_ISA_USAGE = YES_ERROR;
				CLANG_WARN_DOCUMENTATION_COMMENTS = YES;
				CLANG_WARN_EMPTY_BODY = YES;
				CLANG_WARN_ENUM_CONVERSION = YES;
				CLANG_WARN_INFINITE_RECURSION = YES;
				CLANG_WARN_INT_CONVERSION = YES;
				CLANG_WARN_NON_LITERAL_NULL_CONVERSION = YES;
				CLANG_WARN_OBJC_IMPLICIT_RETAIN_SELF = YES;
				CLANG_WARN_OBJC_LITERAL_CONVERSION = YES;
				CLANG_WARN_OBJC_ROOT_CLASS = YES_ERROR;
				CLANG_WARN_QUOTED_INCLUDE_IN_FRAMEWORK_HEADER = YES;
				CLANG_WARN_RANGE_LOOP_ANALYSIS = YES;
				CLANG_WARN_STRICT_PROTOTYPES = YES;
				CLANG_WARN_SUSPICIOUS_MOVE = YES;
				CLANG_WARN_UNGUARDED_AVAILABILITY = YES_AGGRESSIVE;
				CLANG_WARN_UNREACHABLE_CODE = YES;
				CLANG_WARN__DUPLICATE_METHOD_MATCH = YES;
				COPY_PHASE_STRIP = NO;
				DEBUG_INFORMATION_FORMAT = "dwarf-with-dsym";
				ENABLE_NS_ASSERTIONS = NO;
				ENABLE_STRICT_OBJC_MSGSEND = YES;
				GCC_C_LANGUAGE_STANDARD = gnu11;
				GCC_NO_COMMON_BLOCKS = YES;
				GCC_WARN_64_TO_32_BIT_CONVERSION = YES;
				GCC_WARN_ABOUT_RETURN_TYPE = YES_ERROR;
				GCC_WARN_UNDECLARED_SELECTOR = YES;
				GCC_WARN_UNINITIALIZED_AUTOS = YES_AGGRESSIVE;
				GCC_WARN_UNUSED_FUNCTION = YES;
				GCC_WARN_UNUSED_VARIABLE = YES;
				IPHONEOS_DEPLOYMENT_TARGET = 16.4;
				MTL_ENABLE_DEBUG_INFO = NO;
				MTL_FAST_MATH = YES;
				SDKROOT = iphoneos;
				SWIFT_COMPILATION_MODE = wholemodule;
				SWIFT_OPTIMIZATION_LEVEL = "-O";
				VALIDATE_PRODUCT = YES;
			};
			name = Release;
		};
		04D55E892A549C2700159886 /* Debug */ = {
			isa = XCBuildConfiguration;
			buildSettings = {
				ASSETCATALOG_COMPILER_APPICON_NAME = AppIcon;
				ASSETCATALOG_COMPILER_GLOBAL_ACCENT_COLOR_NAME = AccentColor;
				CODE_SIGN_STYLE = Automatic;
				CURRENT_PROJECT_VERSION = 1;
				DEVELOPMENT_TEAM = KGB5T28U9V;
				GENERATE_INFOPLIST_FILE = YES;
				INFOPLIST_FILE = "Dodo pizza/Resources/Info.plist";
				INFOPLIST_KEY_UIApplicationSupportsIndirectInputEvents = YES;
				INFOPLIST_KEY_UILaunchStoryboardName = LaunchScreen;
				INFOPLIST_KEY_UISupportedInterfaceOrientations_iPad = "UIInterfaceOrientationPortrait UIInterfaceOrientationPortraitUpsideDown UIInterfaceOrientationLandscapeLeft UIInterfaceOrientationLandscapeRight";
				INFOPLIST_KEY_UISupportedInterfaceOrientations_iPhone = "UIInterfaceOrientationPortrait UIInterfaceOrientationLandscapeLeft UIInterfaceOrientationLandscapeRight";
				LD_RUNPATH_SEARCH_PATHS = (
					"$(inherited)",
					"@executable_path/Frameworks",
				);
				MARKETING_VERSION = 1.0;
				PRODUCT_BUNDLE_IDENTIFIER = "Seneca242.Dodo-pizza";
				PRODUCT_NAME = "$(TARGET_NAME)";
				SWIFT_EMIT_LOC_STRINGS = YES;
				SWIFT_VERSION = 5.0;
				TARGETED_DEVICE_FAMILY = "1,2";
			};
			name = Debug;
		};
		04D55E8A2A549C2700159886 /* Release */ = {
			isa = XCBuildConfiguration;
			buildSettings = {
				ASSETCATALOG_COMPILER_APPICON_NAME = AppIcon;
				ASSETCATALOG_COMPILER_GLOBAL_ACCENT_COLOR_NAME = AccentColor;
				CODE_SIGN_STYLE = Automatic;
				CURRENT_PROJECT_VERSION = 1;
				DEVELOPMENT_TEAM = KGB5T28U9V;
				GENERATE_INFOPLIST_FILE = YES;
				INFOPLIST_FILE = "Dodo pizza/Resources/Info.plist";
				INFOPLIST_KEY_UIApplicationSupportsIndirectInputEvents = YES;
				INFOPLIST_KEY_UILaunchStoryboardName = LaunchScreen;
				INFOPLIST_KEY_UISupportedInterfaceOrientations_iPad = "UIInterfaceOrientationPortrait UIInterfaceOrientationPortraitUpsideDown UIInterfaceOrientationLandscapeLeft UIInterfaceOrientationLandscapeRight";
				INFOPLIST_KEY_UISupportedInterfaceOrientations_iPhone = "UIInterfaceOrientationPortrait UIInterfaceOrientationLandscapeLeft UIInterfaceOrientationLandscapeRight";
				LD_RUNPATH_SEARCH_PATHS = (
					"$(inherited)",
					"@executable_path/Frameworks",
				);
				MARKETING_VERSION = 1.0;
				PRODUCT_BUNDLE_IDENTIFIER = "Seneca242.Dodo-pizza";
				PRODUCT_NAME = "$(TARGET_NAME)";
				SWIFT_EMIT_LOC_STRINGS = YES;
				SWIFT_VERSION = 5.0;
				TARGETED_DEVICE_FAMILY = "1,2";
			};
			name = Release;
		};
/* End XCBuildConfiguration section */

/* Begin XCConfigurationList section */
		04D55E6C2A549C2400159886 /* Build configuration list for PBXProject "Dodo pizza" */ = {
			isa = XCConfigurationList;
			buildConfigurations = (
				04D55E862A549C2700159886 /* Debug */,
				04D55E872A549C2700159886 /* Release */,
			);
			defaultConfigurationIsVisible = 0;
			defaultConfigurationName = Release;
		};
		04D55E882A549C2700159886 /* Build configuration list for PBXNativeTarget "Dodo pizza" */ = {
			isa = XCConfigurationList;
			buildConfigurations = (
				04D55E892A549C2700159886 /* Debug */,
				04D55E8A2A549C2700159886 /* Release */,
			);
			defaultConfigurationIsVisible = 0;
			defaultConfigurationName = Release;
		};
/* End XCConfigurationList section */

/* Begin XCRemoteSwiftPackageReference section */
		04714D772A54A26500B14B9C /* XCRemoteSwiftPackageReference "SnapKit" */ = {
			isa = XCRemoteSwiftPackageReference;
			repositoryURL = "https://github.com/SnapKit/SnapKit";
			requirement = {
				kind = upToNextMajorVersion;
				minimumVersion = 5.0.0;
			};
		};
/* End XCRemoteSwiftPackageReference section */

/* Begin XCSwiftPackageProductDependency section */
		04714D782A54A26500B14B9C /* SnapKit */ = {
			isa = XCSwiftPackageProductDependency;
			package = 04714D772A54A26500B14B9C /* XCRemoteSwiftPackageReference "SnapKit" */;
			productName = SnapKit;
		};
/* End XCSwiftPackageProductDependency section */

/* Begin XCVersionGroup section */
		04D55E7D2A549C2400159886 /* Dodo_pizza.xcdatamodeld */ = {
			isa = XCVersionGroup;
			children = (
				04D55E7E2A549C2400159886 /* Dodo_pizza.xcdatamodel */,
			);
			currentVersion = 04D55E7E2A549C2400159886 /* Dodo_pizza.xcdatamodel */;
			path = Dodo_pizza.xcdatamodeld;
			sourceTree = "<group>";
			versionGroupType = wrapper.xcdatamodel;
		};
/* End XCVersionGroup section */
	};
	rootObject = 04D55E692A549C2400159886 /* Project object */;
}
